
Microsoft Visual Studio Solution File, Format Version 12.00
# Visual Studio Version 16
VisualStudioVersion = 16.0.30804.86
MinimumVisualStudioVersion = 10.0.40219.1
Project("{FAE04EC0-301F-11D3-BF4B-00C04F79EFBC}") = "3Exercise10", "3Exercise10\3Exercise10.csproj", "{837D03CC-8BB6-4678-9CAB-FE4A4373A254}"
EndProject
Global
	GlobalSection(SolutionConfigurationPlatforms) = preSolution
		Debug|Any CPU = Debug|Any CPU
		Release|Any CPU = Release|Any CPU
	EndGlobalSection
	GlobalSection(ProjectConfigurationPlatforms) = postSolution
		{837D03CC-8BB6-4678-9CAB-FE4A4373A254}.Debug|Any CPU.ActiveCfg = Debug|Any CPU
		{837D03CC-8BB6-4678-9CAB-FE4A4373A254}.Debug|Any CPU.Build.0 = Debug|Any CPU
		{837D03CC-8BB6-4678-9CAB-FE4A4373A254}.Release|Any CPU.ActiveCfg = Release|Any CPU
		{837D03CC-8BB6-4678-9CAB-FE4A4373A254}.Release|Any CPU.Build.0 = Release|Any CPU
	EndGlobalSection
	GlobalSection(SolutionProperties) = preSolution
		HideSolutionNode = FALSE
	EndGlobalSection
	GlobalSection(ExtensibilityGlobals) = postSolution
		SolutionGuid = {97C394CF-3E48-4FCB-92ED-047056557659}
	EndGlobalSection
EndGlobal
